
Microsoft Visual Studio Solution File, Format Version 12.00
# Visual Studio Express 14 for Windows Desktop
VisualStudioVersion = 14.0.25420.1
MinimumVisualStudioVersion = 10.0.40219.1
Project("{FAE04EC0-301F-11D3-BF4B-00C04F79EFBC}") = "Bank", "Bank\Bank.csproj", "{33670125-FA86-47C6-85DE-DE78F15599A9}"
EndProject
Project("{FAE04EC0-301F-11D3-BF4B-00C04F79EFBC}") = "BankTest", "BankTest\BankTest.csproj", "{CA5B0E90-0D48-43B3-8097-81F8008FBF94}"
EndProject
Global
	GlobalSection(SolutionConfigurationPlatforms) = preSolution
		Debug|Any CPU = Debug|Any CPU
		Release|Any CPU = Release|Any CPU
	EndGlobalSection
	GlobalSection(ProjectConfigurationPlatforms) = postSolution
		{33670125-FA86-47C6-85DE-DE78F15599A9}.Debug|Any CPU.ActiveCfg = Debug|Any CPU
		{33670125-FA86-47C6-85DE-DE78F15599A9}.Debug|Any CPU.Build.0 = Debug|Any CPU
		{33670125-FA86-47C6-85DE-DE78F15599A9}.Release|Any CPU.ActiveCfg = Release|Any CPU
		{33670125-FA86-47C6-85DE-DE78F15599A9}.Release|Any CPU.Build.0 = Release|Any CPU
		{CA5B0E90-0D48-43B3-8097-81F8008FBF94}.Debug|Any CPU.ActiveCfg = Debug|Any CPU
		{CA5B0E90-0D48-43B3-8097-81F8008FBF94}.Debug|Any CPU.Build.0 = Debug|Any CPU
		{CA5B0E90-0D48-43B3-8097-81F8008FBF94}.Release|Any CPU.ActiveCfg = Release|Any CPU
		{CA5B0E90-0D48-43B3-8097-81F8008FBF94}.Release|Any CPU.Build.0 = Release|Any CPU
	EndGlobalSection
	GlobalSection(SolutionProperties) = preSolution
		HideSolutionNode = FALSE
	EndGlobalSection
EndGlobal
