
Microsoft Visual Studio Solution File, Format Version 12.00
# Visual Studio Express 14 for Web
VisualStudioVersion = 14.0.25420.1
MinimumVisualStudioVersion = 10.0.40219.1
Project("{FAE04EC0-301F-11D3-BF4B-00C04F79EFBC}") = "Hello", "Hello\Hello.csproj", "{D081913B-2063-48E8-A796-320F9C326533}"
EndProject
Project("{FAE04EC0-301F-11D3-BF4B-00C04F79EFBC}") = "Models", "Models\Models\Models.csproj", "{0B1254A3-E272-4298-AB47-8C6705DA94A6}"
EndProject
Project("{FAE04EC0-301F-11D3-BF4B-00C04F79EFBC}") = "Libraries", "Libraries\Libraries\Libraries.csproj", "{AD808D96-EBA7-4FD3-8939-93E21B73232C}"
EndProject
Global
	GlobalSection(SolutionConfigurationPlatforms) = preSolution
		Debug|Any CPU = Debug|Any CPU
		Release|Any CPU = Release|Any CPU
	EndGlobalSection
	GlobalSection(ProjectConfigurationPlatforms) = postSolution
		{D081913B-2063-48E8-A796-320F9C326533}.Debug|Any CPU.ActiveCfg = Debug|Any CPU
		{D081913B-2063-48E8-A796-320F9C326533}.Debug|Any CPU.Build.0 = Debug|Any CPU
		{D081913B-2063-48E8-A796-320F9C326533}.Release|Any CPU.ActiveCfg = Release|Any CPU
		{D081913B-2063-48E8-A796-320F9C326533}.Release|Any CPU.Build.0 = Release|Any CPU
		{0B1254A3-E272-4298-AB47-8C6705DA94A6}.Debug|Any CPU.ActiveCfg = Debug|Any CPU
		{0B1254A3-E272-4298-AB47-8C6705DA94A6}.Debug|Any CPU.Build.0 = Debug|Any CPU
		{0B1254A3-E272-4298-AB47-8C6705DA94A6}.Release|Any CPU.ActiveCfg = Release|Any CPU
		{0B1254A3-E272-4298-AB47-8C6705DA94A6}.Release|Any CPU.Build.0 = Release|Any CPU
		{AD808D96-EBA7-4FD3-8939-93E21B73232C}.Debug|Any CPU.ActiveCfg = Debug|Any CPU
		{AD808D96-EBA7-4FD3-8939-93E21B73232C}.Debug|Any CPU.Build.0 = Debug|Any CPU
		{AD808D96-EBA7-4FD3-8939-93E21B73232C}.Release|Any CPU.ActiveCfg = Release|Any CPU
		{AD808D96-EBA7-4FD3-8939-93E21B73232C}.Release|Any CPU.Build.0 = Release|Any CPU
	EndGlobalSection
	GlobalSection(SolutionProperties) = preSolution
		HideSolutionNode = FALSE
	EndGlobalSection
EndGlobal
